Microsoft Visual Studio Solution File, Format Version 12.00
# Visual Studio Version 16
VisualStudioVersion = 16.0.0.0
MinimumVisualStudioVersion = 16.0.0.0
Project("{9A19103F-16F7-4668-BE54-9A1E7A4F7556}") = "NikhilBhingradiyaChat.Server", "Server\NikhilBhingradiyaChat.Server.csproj", "{4E123CA4-9241-4D0E-8DBD-15802B8C37A2}"
EndProject
Project("{9A19103F-16F7-4668-BE54-9A1E7A4F7556}") = "NikhilBhingradiyaChat.Client", "Client\NikhilBhingradiyaChat.Client.csproj", "{CE188F28-0F2B-4706-8308-6E6265467D5A}"
EndProject
Project("{9A19103F-16F7-4668-BE54-9A1E7A4F7556}") = "NikhilBhingradiyaChat.Shared", "Shared\NikhilBhingradiyaChat.Shared.csproj", "{3D53DBB5-B2A8-4375-B3C0-686A3824FC31}"
EndProject
Global
	GlobalSection(SolutionConfigurationPlatforms) = preSolution
		Debug|Any CPU = Debug|Any CPU
		Debug|x64 = Debug|x64
		Debug|x86 = Debug|x86
		Release|Any CPU = Release|Any CPU
		Release|x64 = Release|x64
		Release|x86 = Release|x86
	EndGlobalSection
	GlobalSection(ProjectConfigurationPlatforms) = postSolution
		{CE188F28-0F2B-4706-8308-6E6265467D5A}.Debug|Any CPU.ActiveCfg = Debug|Any CPU
		{CE188F28-0F2B-4706-8308-6E6265467D5A}.Debug|Any CPU.Build.0 = Debug|Any CPU
		{CE188F28-0F2B-4706-8308-6E6265467D5A}.Debug|x64.ActiveCfg = Debug|Any CPU
		{CE188F28-0F2B-4706-8308-6E6265467D5A}.Debug|x64.Build.0 = Debug|Any CPU
		{CE188F28-0F2B-4706-8308-6E6265467D5A}.Debug|x86.ActiveCfg = Debug|Any CPU
		{CE188F28-0F2B-4706-8308-6E6265467D5A}.Debug|x86.Build.0 = Debug|Any CPU
		{CE188F28-0F2B-4706-8308-6E6265467D5A}.Release|Any CPU.ActiveCfg = Release|Any CPU
		{CE188F28-0F2B-4706-8308-6E6265467D5A}.Release|Any CPU.Build.0 = Release|Any CPU
		{CE188F28-0F2B-4706-8308-6E6265467D5A}.Release|x64.ActiveCfg = Release|Any CPU
		{CE188F28-0F2B-4706-8308-6E6265467D5A}.Release|x64.Build.0 = Release|Any CPU
		{CE188F28-0F2B-4706-8308-6E6265467D5A}.Release|x86.ActiveCfg = Release|Any CPU
		{CE188F28-0F2B-4706-8308-6E6265467D5A}.Release|x86.Build.0 = Release|Any CPU
		{4E123CA4-9241-4D0E-8DBD-15802B8C37A2}.Debug|Any CPU.ActiveCfg = Debug|Any CPU
		{4E123CA4-9241-4D0E-8DBD-15802B8C37A2}.Debug|Any CPU.Build.0 = Debug|Any CPU
		{4E123CA4-9241-4D0E-8DBD-15802B8C37A2}.Debug|x64.ActiveCfg = Debug|Any CPU
		{4E123CA4-9241-4D0E-8DBD-15802B8C37A2}.Debug|x64.Build.0 = Debug|Any CPU
		{4E123CA4-9241-4D0E-8DBD-15802B8C37A2}.Debug|x86.ActiveCfg = Debug|Any CPU
		{4E123CA4-9241-4D0E-8DBD-15802B8C37A2}.Debug|x86.Build.0 = Debug|Any CPU
		{4E123CA4-9241-4D0E-8DBD-15802B8C37A2}.Release|Any CPU.ActiveCfg = Release|Any CPU
		{4E123CA4-9241-4D0E-8DBD-15802B8C37A2}.Release|Any CPU.Build.0 = Release|Any CPU
		{4E123CA4-9241-4D0E-8DBD-15802B8C37A2}.Release|x64.ActiveCfg = Release|Any CPU
		{4E123CA4-9241-4D0E-8DBD-15802B8C37A2}.Release|x64.Build.0 = Release|Any CPU
		{4E123CA4-9241-4D0E-8DBD-15802B8C37A2}.Release|x86.ActiveCfg = Release|Any CPU
		{4E123CA4-9241-4D0E-8DBD-15802B8C37A2}.Release|x86.Build.0 = Release|Any CPU
		{3D53DBB5-B2A8-4375-B3C0-686A3824FC31}.Debug|Any CPU.ActiveCfg = Debug|Any CPU
		{3D53DBB5-B2A8-4375-B3C0-686A3824FC31}.Debug|Any CPU.Build.0 = Debug|Any CPU
		{3D53DBB5-B2A8-4375-B3C0-686A3824FC31}.Debug|x64.ActiveCfg = Debug|Any CPU
		{3D53DBB5-B2A8-4375-B3C0-686A3824FC31}.Debug|x64.Build.0 = Debug|Any CPU
		{3D53DBB5-B2A8-4375-B3C0-686A3824FC31}.Debug|x86.ActiveCfg = Debug|Any CPU
		{3D53DBB5-B2A8-4375-B3C0-686A3824FC31}.Debug|x86.Build.0 = Debug|Any CPU
		{3D53DBB5-B2A8-4375-B3C0-686A3824FC31}.Release|Any CPU.ActiveCfg = Release|Any CPU
		{3D53DBB5-B2A8-4375-B3C0-686A3824FC31}.Release|Any CPU.Build.0 = Release|Any CPU
		{3D53DBB5-B2A8-4375-B3C0-686A3824FC31}.Release|x64.ActiveCfg = Release|Any CPU
		{3D53DBB5-B2A8-4375-B3C0-686A3824FC31}.Release|x64.Build.0 = Release|Any CPU
		{3D53DBB5-B2A8-4375-B3C0-686A3824FC31}.Release|x86.ActiveCfg = Release|Any CPU
		{3D53DBB5-B2A8-4375-B3C0-686A3824FC31}.Release|x86.Build.0 = Release|Any CPU
	EndGlobalSection
	GlobalSection(SolutionProperties) = preSolution
		HideSolutionNode = FALSE
	EndGlobalSection
	GlobalSection(ExtensibilityGlobals) = postSolution
		SolutionGuid = {9628A416-B0E2-4E42-8AB1-EE6C08147F65}
	EndGlobalSection
EndGlobal